
Microsoft Visual Studio Solution File, Format Version 12.00
# Visual Studio Version 16
VisualStudioVersion = 16.0.29102.190
MinimumVisualStudioVersion = 10.0.40219.1
Project("{FAE04EC0-301F-11D3-BF4B-00C04F79EFBC}") = "Jenkins.Web", "Jenkins.Web\Jenkins.Web.csproj", "{A7E7AE28-BB78-4A7F-B0C5-475E6EF7ACB5}"
EndProject
Global
	GlobalSection(SolutionConfigurationPlatforms) = preSolution
		Debug|Any CPU = Debug|Any CPU
		Release|Any CPU = Release|Any CPU
	EndGlobalSection
	GlobalSection(ProjectConfigurationPlatforms) = postSolution
		{A7E7AE28-BB78-4A7F-B0C5-475E6EF7ACB5}.Debug|Any CPU.ActiveCfg = Debug|Any CPU
		{A7E7AE28-BB78-4A7F-B0C5-475E6EF7ACB5}.Debug|Any CPU.Build.0 = Debug|Any CPU
		{A7E7AE28-BB78-4A7F-B0C5-475E6EF7ACB5}.Release|Any CPU.ActiveCfg = Release|Any CPU
		{A7E7AE28-BB78-4A7F-B0C5-475E6EF7ACB5}.Release|Any CPU.Build.0 = Release|Any CPU
	EndGlobalSection
	GlobalSection(SolutionProperties) = preSolution
		HideSolutionNode = FALSE
	EndGlobalSection
	GlobalSection(ExtensibilityGlobals) = postSolution
		SolutionGuid = {B7FB2FA6-E0CA-4CD5-8F38-C48E07FDDD75}
	EndGlobalSection
EndGlobal
